
Microsoft Visual Studio Solution File, Format Version 12.00
# Visual Studio Version 17
VisualStudioVersion = 17.0.31903.59
MinimumVisualStudioVersion = 10.0.40219.1
Project("{2150E333-8FDC-42A3-9474-1A3956D46DE8}") = "build", "build", "{5F84260C-4280-4002-ADD3-952B7FCD230D}"
	ProjectSection(SolutionItems) = preProject
		build.cmd = build.cmd
		build.sh = build.sh
	EndProjectSection
EndProject
Project("{6EC3EE1D-3C4E-46DD-8F32-0CC8E7565705}") = "build", "build\build.fsproj", "{708F62D9-75D4-4D23-947E-6E7C8282EF3F}"
EndProject
Project("{2150E333-8FDC-42A3-9474-1A3956D46DE8}") = "src", "src", "{568A089F-72FE-4A48-BCE9-9BBC80C9123E}"
EndProject
Project("{2150E333-8FDC-42A3-9474-1A3956D46DE8}") = "project", "project", "{CE3DA411-B99C-4BAA-A63E-E1FF7DD46223}"
	ProjectSection(SolutionItems) = preProject
		.gitignore = .gitignore
		global.json = global.json
		LICENSE = LICENSE
		playground.fsx = playground.fsx
		README.md = README.md
		RELEASE_NOTES.md = RELEASE_NOTES.md
	EndProjectSection
EndProject
Project("{2150E333-8FDC-42A3-9474-1A3956D46DE8}") = ".ci", ".ci", "{F9AB2DC2-AB20-4AC2-A827-82819C82D4FA}"
	ProjectSection(SolutionItems) = preProject
		.github\workflows\build-and-test.yml = .github\workflows\build-and-test.yml
	EndProjectSection
EndProject
Project("{F2A71F9B-5D33-465A-A702-920D77279786}") = "ControlledVocabulary", "src\ControlledVocabulary\ControlledVocabulary.fsproj", "{27679102-2E6D-4BD9-9DF4-FC101EA6487D}"
EndProject
Project("{F2A71F9B-5D33-465A-A702-920D77279786}") = "Ontology.NET", "src\Ontology.NET\Ontology.NET.fsproj", "{6829EA97-1494-476C-B859-0DDA2ED76429}"
EndProject
Project("{2150E333-8FDC-42A3-9474-1A3956D46DE8}") = "tests", "tests", "{02EA681E-C7D8-13C7-8484-4AC65E1B71E8}"
EndProject
Project("{F2A71F9B-5D33-465A-A702-920D77279786}") = "Ontology.NET.Extensions", "src\Ontology.NET.Extensions\Ontology.NET.Extensions.fsproj", "{3111C207-20C1-4A87-AC2B-A4AA30555B6D}"
EndProject
Project("{F2A71F9B-5D33-465A-A702-920D77279786}") = "Ontology.NET.Tests", "tests\Ontology.NET.Tests\Ontology.NET.Tests.fsproj", "{07A6E26E-E056-4B0D-9BE9-38C6BC0D148A}"
EndProject
Project("{F2A71F9B-5D33-465A-A702-920D77279786}") = "ControlledVocabulary.Tests", "tests\ControlledVocabulary.Tests\ControlledVocabulary.Tests.fsproj", "{A3004D1D-BC5F-4312-97FB-5AF110447930}"
EndProject
Global
	GlobalSection(SolutionConfigurationPlatforms) = preSolution
		Debug|Any CPU = Debug|Any CPU
		Release|Any CPU = Release|Any CPU
	EndGlobalSection
	GlobalSection(ProjectConfigurationPlatforms) = postSolution
		{708F62D9-75D4-4D23-947E-6E7C8282EF3F}.Debug|Any CPU.ActiveCfg = Debug|Any CPU
		{708F62D9-75D4-4D23-947E-6E7C8282EF3F}.Debug|Any CPU.Build.0 = Debug|Any CPU
		{708F62D9-75D4-4D23-947E-6E7C8282EF3F}.Release|Any CPU.ActiveCfg = Release|Any CPU
		{708F62D9-75D4-4D23-947E-6E7C8282EF3F}.Release|Any CPU.Build.0 = Release|Any CPU
		{27679102-2E6D-4BD9-9DF4-FC101EA6487D}.Debug|Any CPU.ActiveCfg = Debug|Any CPU
		{27679102-2E6D-4BD9-9DF4-FC101EA6487D}.Debug|Any CPU.Build.0 = Debug|Any CPU
		{27679102-2E6D-4BD9-9DF4-FC101EA6487D}.Release|Any CPU.ActiveCfg = Release|Any CPU
		{27679102-2E6D-4BD9-9DF4-FC101EA6487D}.Release|Any CPU.Build.0 = Release|Any CPU
		{6829EA97-1494-476C-B859-0DDA2ED76429}.Debug|Any CPU.ActiveCfg = Debug|Any CPU
		{6829EA97-1494-476C-B859-0DDA2ED76429}.Debug|Any CPU.Build.0 = Debug|Any CPU
		{6829EA97-1494-476C-B859-0DDA2ED76429}.Release|Any CPU.ActiveCfg = Release|Any CPU
		{6829EA97-1494-476C-B859-0DDA2ED76429}.Release|Any CPU.Build.0 = Release|Any CPU
		{3111C207-20C1-4A87-AC2B-A4AA30555B6D}.Debug|Any CPU.ActiveCfg = Debug|Any CPU
		{3111C207-20C1-4A87-AC2B-A4AA30555B6D}.Debug|Any CPU.Build.0 = Debug|Any CPU
		{3111C207-20C1-4A87-AC2B-A4AA30555B6D}.Release|Any CPU.ActiveCfg = Release|Any CPU
		{3111C207-20C1-4A87-AC2B-A4AA30555B6D}.Release|Any CPU.Build.0 = Release|Any CPU
		{07A6E26E-E056-4B0D-9BE9-38C6BC0D148A}.Debug|Any CPU.ActiveCfg = Debug|Any CPU
		{07A6E26E-E056-4B0D-9BE9-38C6BC0D148A}.Debug|Any CPU.Build.0 = Debug|Any CPU
		{07A6E26E-E056-4B0D-9BE9-38C6BC0D148A}.Release|Any CPU.ActiveCfg = Release|Any CPU
		{07A6E26E-E056-4B0D-9BE9-38C6BC0D148A}.Release|Any CPU.Build.0 = Release|Any CPU
		{A3004D1D-BC5F-4312-97FB-5AF110447930}.Debug|Any CPU.ActiveCfg = Debug|Any CPU
		{A3004D1D-BC5F-4312-97FB-5AF110447930}.Debug|Any CPU.Build.0 = Debug|Any CPU
		{A3004D1D-BC5F-4312-97FB-5AF110447930}.Release|Any CPU.ActiveCfg = Release|Any CPU
		{A3004D1D-BC5F-4312-97FB-5AF110447930}.Release|Any CPU.Build.0 = Release|Any CPU
	EndGlobalSection
	GlobalSection(SolutionProperties) = preSolution
		HideSolutionNode = FALSE
	EndGlobalSection
	GlobalSection(NestedProjects) = preSolution
		{708F62D9-75D4-4D23-947E-6E7C8282EF3F} = {5F84260C-4280-4002-ADD3-952B7FCD230D}
		{27679102-2E6D-4BD9-9DF4-FC101EA6487D} = {568A089F-72FE-4A48-BCE9-9BBC80C9123E}
		{6829EA97-1494-476C-B859-0DDA2ED76429} = {568A089F-72FE-4A48-BCE9-9BBC80C9123E}
		{3111C207-20C1-4A87-AC2B-A4AA30555B6D} = {568A089F-72FE-4A48-BCE9-9BBC80C9123E}
		{07A6E26E-E056-4B0D-9BE9-38C6BC0D148A} = {02EA681E-C7D8-13C7-8484-4AC65E1B71E8}
		{A3004D1D-BC5F-4312-97FB-5AF110447930} = {02EA681E-C7D8-13C7-8484-4AC65E1B71E8}
	EndGlobalSection
	GlobalSection(ExtensibilityGlobals) = postSolution
		SolutionGuid = {EDF7C810-1000-4CC6-8559-CBEE2D6EBB1E}
	EndGlobalSection
EndGlobal
